
Microsoft Visual Studio Solution File, Format Version 12.00
# Visual Studio Version 16
VisualStudioVersion = 16.0.29102.190
MinimumVisualStudioVersion = 10.0.40219.1
Project("{9A19103F-16F7-4668-BE54-9A1E7A4F7556}") = "ProjectEuler", "ProjectEuler\ProjectEuler.csproj", "{FC38DF1A-E894-413A-8BD0-7B02C6A631BC}"
EndProject
Project("{FAE04EC0-301F-11D3-BF4B-00C04F79EFBC}") = "XUnitTestProjectEuler", "XUnitTestProjectEuler\XUnitTestProjectEuler.csproj", "{FE3B98FB-8B9D-4402-B72F-2C061DB159CD}"
EndProject
Global
	GlobalSection(SolutionConfigurationPlatforms) = preSolution
		Debug|Any CPU = Debug|Any CPU
		Release|Any CPU = Release|Any CPU
	EndGlobalSection
	GlobalSection(ProjectConfigurationPlatforms) = postSolution
		{FC38DF1A-E894-413A-8BD0-7B02C6A631BC}.Debug|Any CPU.ActiveCfg = Debug|Any CPU
		{FC38DF1A-E894-413A-8BD0-7B02C6A631BC}.Debug|Any CPU.Build.0 = Debug|Any CPU
		{FC38DF1A-E894-413A-8BD0-7B02C6A631BC}.Release|Any CPU.ActiveCfg = Release|Any CPU
		{FC38DF1A-E894-413A-8BD0-7B02C6A631BC}.Release|Any CPU.Build.0 = Release|Any CPU
		{FE3B98FB-8B9D-4402-B72F-2C061DB159CD}.Debug|Any CPU.ActiveCfg = Debug|Any CPU
		{FE3B98FB-8B9D-4402-B72F-2C061DB159CD}.Debug|Any CPU.Build.0 = Debug|Any CPU
		{FE3B98FB-8B9D-4402-B72F-2C061DB159CD}.Release|Any CPU.ActiveCfg = Release|Any CPU
		{FE3B98FB-8B9D-4402-B72F-2C061DB159CD}.Release|Any CPU.Build.0 = Release|Any CPU
	EndGlobalSection
	GlobalSection(SolutionProperties) = preSolution
		HideSolutionNode = FALSE
	EndGlobalSection
	GlobalSection(ExtensibilityGlobals) = postSolution
		SolutionGuid = {536F8504-EF15-43EB-8851-BAD714E2FB0B}
	EndGlobalSection
EndGlobal
